
Microsoft Visual Studio Solution File, Format Version 12.00
# Visual Studio Version 17
VisualStudioVersion = 17.5.33530.505
MinimumVisualStudioVersion = 10.0.40219.1
Project("{9A19103F-16F7-4668-BE54-9A1E7A4F7556}") = "SaodCP", "SaodCP\SaodCP.csproj", "{AD5A3972-96EA-4ACF-B575-D67D31EDB924}"
EndProject
Project("{FAE04EC0-301F-11D3-BF4B-00C04F79EFBC}") = "SaopCPTest", "SaopCPTest\SaopCPTest.csproj", "{C0676DFA-10F0-45A8-9C5F-BA26C5BF1D23}"
EndProject
Global
	GlobalSection(SolutionConfigurationPlatforms) = preSolution
		Debug|Any CPU = Debug|Any CPU
		Release|Any CPU = Release|Any CPU
	EndGlobalSection
	GlobalSection(ProjectConfigurationPlatforms) = postSolution
		{AD5A3972-96EA-4ACF-B575-D67D31EDB924}.Debug|Any CPU.ActiveCfg = Debug|Any CPU
		{AD5A3972-96EA-4ACF-B575-D67D31EDB924}.Debug|Any CPU.Build.0 = Debug|Any CPU
		{AD5A3972-96EA-4ACF-B575-D67D31EDB924}.Release|Any CPU.ActiveCfg = Release|Any CPU
		{AD5A3972-96EA-4ACF-B575-D67D31EDB924}.Release|Any CPU.Build.0 = Release|Any CPU
		{C0676DFA-10F0-45A8-9C5F-BA26C5BF1D23}.Debug|Any CPU.ActiveCfg = Debug|Any CPU
		{C0676DFA-10F0-45A8-9C5F-BA26C5BF1D23}.Debug|Any CPU.Build.0 = Debug|Any CPU
		{C0676DFA-10F0-45A8-9C5F-BA26C5BF1D23}.Release|Any CPU.ActiveCfg = Release|Any CPU
		{C0676DFA-10F0-45A8-9C5F-BA26C5BF1D23}.Release|Any CPU.Build.0 = Release|Any CPU
	EndGlobalSection
	GlobalSection(SolutionProperties) = preSolution
		HideSolutionNode = FALSE
	EndGlobalSection
	GlobalSection(ExtensibilityGlobals) = postSolution
		SolutionGuid = {130B4D66-646A-465D-944D-FD2B8EDA4F71}
	EndGlobalSection
EndGlobal
